
Microsoft Visual Studio Solution File, Format Version 12.00
# Visual Studio Version 16
VisualStudioVersion = 25.0.1705.0
MinimumVisualStudioVersion = 10.0.40219.1
Project("{FAE04EC0-301F-11D3-BF4B-00C04F79EFBC}") = "BigRationalLib", "BigRationalLib.csproj", "{7EB74A9E-16FA-472A-8122-2CE18EC5FBA3}"
EndProject
Project("{FAE04EC0-301F-11D3-BF4B-00C04F79EFBC}") = "BigRationalDemo", "..\BigRationalDemo\BigRationalDemo.csproj", "{838401CF-5985-4E97-A607-B914FDCC5F0B}"
EndProject
Project("{FAE04EC0-301F-11D3-BF4B-00C04F79EFBC}") = "BigRationalTests", "..\BigRationalTest\BigRationalTests.csproj", "{AAD5D79A-1805-46FA-9BA4-2BB9085C5635}"
EndProject
Global
	GlobalSection(SolutionConfigurationPlatforms) = preSolution
		Debug|Any CPU = Debug|Any CPU
		Release|Any CPU = Release|Any CPU
	EndGlobalSection
	GlobalSection(ProjectConfigurationPlatforms) = postSolution
		{7EB74A9E-16FA-472A-8122-2CE18EC5FBA3}.Debug|Any CPU.ActiveCfg = Debug|Any CPU
		{7EB74A9E-16FA-472A-8122-2CE18EC5FBA3}.Debug|Any CPU.Build.0 = Debug|Any CPU
		{7EB74A9E-16FA-472A-8122-2CE18EC5FBA3}.Release|Any CPU.ActiveCfg = Release|Any CPU
		{7EB74A9E-16FA-472A-8122-2CE18EC5FBA3}.Release|Any CPU.Build.0 = Release|Any CPU
		{838401CF-5985-4E97-A607-B914FDCC5F0B}.Debug|Any CPU.ActiveCfg = Debug|Any CPU
		{838401CF-5985-4E97-A607-B914FDCC5F0B}.Debug|Any CPU.Build.0 = Debug|Any CPU
		{838401CF-5985-4E97-A607-B914FDCC5F0B}.Release|Any CPU.ActiveCfg = Release|Any CPU
		{838401CF-5985-4E97-A607-B914FDCC5F0B}.Release|Any CPU.Build.0 = Release|Any CPU
		{AAD5D79A-1805-46FA-9BA4-2BB9085C5635}.Debug|Any CPU.ActiveCfg = Debug|Any CPU
		{AAD5D79A-1805-46FA-9BA4-2BB9085C5635}.Debug|Any CPU.Build.0 = Debug|Any CPU
		{AAD5D79A-1805-46FA-9BA4-2BB9085C5635}.Release|Any CPU.ActiveCfg = Release|Any CPU
		{AAD5D79A-1805-46FA-9BA4-2BB9085C5635}.Release|Any CPU.Build.0 = Release|Any CPU
	EndGlobalSection
	GlobalSection(SolutionProperties) = preSolution
		HideSolutionNode = FALSE
	EndGlobalSection
	GlobalSection(ExtensibilityGlobals) = postSolution
		SolutionGuid = {E130F0B2-BA11-48EC-B298-F979F471D593}
	EndGlobalSection
EndGlobal
